// !$*UTF8*$!
{
	archiveVersion = 1;
	classes = {
	};
	objectVersion = 46;
	objects = {

/* Begin PBXBuildFile section */
		62EFD8A418F7DA0A001A1D42 /* Foundation.framework in Frameworks */ = {isa = PBXBuildFile; fileRef = 62EFD8A318F7DA0A001A1D42 /* Foundation.framework */; };
		62EFD8A618F7DA0A001A1D42 /* CoreGraphics.framework in Frameworks */ = {isa = PBXBuildFile; fileRef = 62EFD8A518F7DA0A001A1D42 /* CoreGraphics.framework */; };
		62EFD8A818F7DA0A001A1D42 /* UIKit.framework in Frameworks */ = {isa = PBXBuildFile; fileRef = 62EFD8A718F7DA0A001A1D42 /* UIKit.framework */; };
		62EFD8AE18F7DA0A001A1D42 /* InfoPlist.strings in Resources */ = {isa = PBXBuildFile; fileRef = 62EFD8AC18F7DA0A001A1D42 /* InfoPlist.strings */; };
		62EFD8B018F7DA0A001A1D42 /* main.m in Sources */ = {isa = PBXBuildFile; fileRef = 62EFD8AF18F7DA0A001A1D42 /* main.m */; };
		62EFD8B418F7DA0A001A1D42 /* AppDelegate.m in Sources */ = {isa = PBXBuildFile; fileRef = 62EFD8B318F7DA0A001A1D42 /* AppDelegate.m */; };
		62EFD8B718F7DA0A001A1D42 /* Main_iPhone.storyboard in Resources */ = {isa = PBXBuildFile; fileRef = 62EFD8B518F7DA0A001A1D42 /* Main_iPhone.storyboard */; };
		62EFD8BA18F7DA0A001A1D42 /* Main_iPad.storyboard in Resources */ = {isa = PBXBuildFile; fileRef = 62EFD8B818F7DA0A001A1D42 /* Main_iPad.storyboard */; };
		62EFD8BD18F7DA0A001A1D42 /* ViewController.m in Sources */ = {isa = PBXBuildFile; fileRef = 62EFD8BC18F7DA0A001A1D42 /* ViewController.m */; };
		62EFD8BF18F7DA0A001A1D42 /* Images.xcassets in Resources */ = {isa = PBXBuildFile; fileRef = 62EFD8BE18F7DA0A001A1D42 /* Images.xcassets */; };
		62EFD8C618F7DA0A001A1D42 /* XCTest.framework in Frameworks */ = {isa = PBXBuildFile; fileRef = 62EFD8C518F7DA0A001A1D42 /* XCTest.framework */; };
		62EFD8C718F7DA0A001A1D42 /* Foundation.framework in Frameworks */ = {isa = PBXBuildFile; fileRef = 62EFD8A318F7DA0A001A1D42 /* Foundation.framework */; };
		62EFD8C818F7DA0A001A1D42 /* UIKit.framework in Frameworks */ = {isa = PBXBuildFile; fileRef = 62EFD8A718F7DA0A001A1D42 /* UIKit.framework */; };
		62EFD8D018F7DA0A001A1D42 /* InfoPlist.strings in Resources */ = {isa = PBXBuildFile; fileRef = 62EFD8CE18F7DA0A001A1D42 /* InfoPlist.strings */; };
		62EFD8D218F7DA0A001A1D42 /* KDCycleBannerViewDemoTests.m in Sources */ = {isa = PBXBuildFile; fileRef = 62EFD8D118F7DA0A001A1D42 /* KDCycleBannerViewDemoTests.m */; };
		62EFD8DE18F7DA57001A1D42 /* KDCycleBannerView.m in Sources */ = {isa = PBXBuildFile; fileRef = 62EFD8DD18F7DA57001A1D42 /* KDCycleBannerView.m */; };
		62FEACB818F909DD00868C45 /* image1.png in Resources */ = {isa = PBXBuildFile; fileRef = 62FEACB718F909DD00868C45 /* image1.png */; };
		E080828774B76E355B8E8321 /* libPods-KDCycleBannerViewDemo.a in Frameworks */ = {isa = PBXBuildFile; fileRef = 21D57443FB20F27CC348AF33 /* libPods-KDCycleBannerViewDemo.a */; };
/* End PBXBuildFile section */

/* Begin PBXContainerItemProxy section */
		62EFD8C918F7DA0A001A1D42 /* PBXContainerItemProxy */ = {
			isa = PBXContainerItemProxy;
			containerPortal = 62EFD89818F7DA09001A1D42 /* Project object */;
			proxyType = 1;
			remoteGlobalIDString = 62EFD89F18F7DA09001A1D42;
			remoteInfo = KDCycleBannerViewDemo;
		};
/* End PBXContainerItemProxy section */

/* Begin PBXFileReference section */
		21D57443FB20F27CC348AF33 /* libPods-KDCycleBannerViewDemo.a */ = {isa = PBXFileReference; explicitFileType = archive.ar; includeInIndex = 0; path = "libPods-KDCycleBannerViewDemo.a"; sourceTree = BUILT_PRODUCTS_DIR; };
		337C66FFB920EB36131A704F /* Pods-KDCycleBannerViewDemo.debug.xcconfig */ = {isa = PBXFileReference; includeInIndex = 1; lastKnownFileType = text.xcconfig; name = "Pods-KDCycleBannerViewDemo.debug.xcconfig"; path = "Pods/Target Support Files/Pods-KDCycleBannerViewDemo/Pods-KDCycleBannerViewDemo.debug.xcconfig"; sourceTree = "<group>"; };
		62EFD8A018F7DA0A001A1D42 /* KDCycleBannerViewDemo.app */ = {isa = PBXFileReference; explicitFileType = wrapper.application; includeInIndex = 0; path = KDCycleBannerViewDemo.app; sourceTree = BUILT_PRODUCTS_DIR; };
		62EFD8A318F7DA0A001A1D42 /* Foundation.framework */ = {isa = PBXFileReference; lastKnownFileType = wrapper.framework; name = Foundation.framework; path = System/Library/Frameworks/Foundation.framework; sourceTree = SDKROOT; };
		62EFD8A518F7DA0A001A1D42 /* CoreGraphics.framework */ = {isa = PBXFileReference; lastKnownFileType = wrapper.framework; name = CoreGraphics.framework; path = System/Library/Frameworks/CoreGraphics.framework; sourceTree = SDKROOT; };
		62EFD8A718F7DA0A001A1D42 /* UIKit.framework */ = {isa = PBXFileReference; lastKnownFileType = wrapper.framework; name = UIKit.framework; path = System/Library/Frameworks/UIKit.framework; sourceTree = SDKROOT; };
		62EFD8AB18F7DA0A001A1D42 /* KDCycleBannerViewDemo-Info.plist */ = {isa = PBXFileReference; lastKnownFileType = text.plist.xml; path = "KDCycleBannerViewDemo-Info.plist"; sourceTree = "<group>"; };
		62EFD8AD18F7DA0A001A1D42 /* en */ = {isa = PBXFileReference; lastKnownFileType = text.plist.strings; name = en; path = en.lproj/InfoPlist.strings; sourceTree = "<group>"; };
		62EFD8AF18F7DA0A001A1D42 /* main.m */ = {isa = PBXFileReference; lastKnownFileType = sourcecode.c.objc; path = main.m; sourceTree = "<group>"; };
		62EFD8B118F7DA0A001A1D42 /* KDCycleBannerViewDemo-Prefix.pch */ = {isa = PBXFileReference; lastKnownFileType = sourcecode.c.h; path = "KDCycleBannerViewDemo-Prefix.pch"; sourceTree = "<group>"; };
		62EFD8B218F7DA0A001A1D42 /* AppDelegate.h */ = {isa = PBXFileReference; lastKnownFileType = sourcecode.c.h; path = AppDelegate.h; sourceTree = "<group>"; };
		62EFD8B318F7DA0A001A1D42 /* AppDelegate.m */ = {isa = PBXFileReference; lastKnownFileType = sourcecode.c.objc; path = AppDelegate.m; sourceTree = "<group>"; };
		62EFD8B618F7DA0A001A1D42 /* Base */ = {isa = PBXFileReference; lastKnownFileType = file.storyboard; name = Base; path = Base.lproj/Main_iPhone.storyboard; sourceTree = "<group>"; };
		62EFD8B918F7DA0A001A1D42 /* Base */ = {isa = PBXFileReference; lastKnownFileType = file.storyboard; name = Base; path = Base.lproj/Main_iPad.storyboard; sourceTree = "<group>"; };
		62EFD8BB18F7DA0A001A1D42 /* ViewController.h */ = {isa = PBXFileReference; lastKnownFileType = sourcecode.c.h; path = ViewController.h; sourceTree = "<group>"; };
		62EFD8BC18F7DA0A001A1D42 /* ViewController.m */ = {isa = PBXFileReference; lastKnownFileType = sourcecode.c.objc; path = ViewController.m; sourceTree = "<group>"; };
		62EFD8BE18F7DA0A001A1D42 /* Images.xcassets */ = {isa = PBXFileReference; lastKnownFileType = folder.assetcatalog; path = Images.xcassets; sourceTree = "<group>"; };
		62EFD8C418F7DA0A001A1D42 /* KDCycleBannerViewDemoTests.xctest */ = {isa = PBXFileReference; explicitFileType = wrapper.cfbundle; includeInIndex = 0; path = KDCycleBannerViewDemoTests.xctest; sourceTree = BUILT_PRODUCTS_DIR; };
		62EFD8C518F7DA0A001A1D42 /* XCTest.framework */ = {isa = PBXFileReference; lastKnownFileType = wrapper.framework; name = XCTest.framework; path = Library/Frameworks/XCTest.framework; sourceTree = DEVELOPER_DIR; };
		62EFD8CD18F7DA0A001A1D42 /* KDCycleBannerViewDemoTests-Info.plist */ = {isa = PBXFileReference; lastKnownFileType = text.plist.xml; path = "KDCycleBannerViewDemoTests-Info.plist"; sourceTree = "<group>"; };
		62EFD8CF18F7DA0A001A1D42 /* en */ = {isa = PBXFileReference; lastKnownFileType = text.plist.strings; name = en; path = en.lproj/InfoPlist.strings; sourceTree = "<group>"; };
		62EFD8D118F7DA0A001A1D42 /* KDCycleBannerViewDemoTests.m */ = {isa = PBXFileReference; lastKnownFileType = sourcecode.c.objc; path = KDCycleBannerViewDemoTests.m; sourceTree = "<group>"; };
		62EFD8DC18F7DA57001A1D42 /* KDCycleBannerView.h */ = {isa = PBXFileReference; fileEncoding = 4; lastKnownFileType = sourcecode.c.h; path = KDCycleBannerView.h; sourceTree = "<group>"; };
		62EFD8DD18F7DA57001A1D42 /* KDCycleBannerView.m */ = {isa = PBXFileReference; fileEncoding = 4; lastKnownFileType = sourcecode.c.objc; path = KDCycleBannerView.m; sourceTree = "<group>"; };
		62FEACB718F909DD00868C45 /* image1.png */ = {isa = PBXFileReference; lastKnownFileType = image.png; path = image1.png; sourceTree = "<group>"; };
		91B5657AFA0BF7D6B0CF5DFF /* Pods-KDCycleBannerViewDemo.release.xcconfig */ = {isa = PBXFileReference; includeInIndex = 1; lastKnownFileType = text.xcconfig; name = "Pods-KDCycleBannerViewDemo.release.xcconfig"; path = "Pods/Target Support Files/Pods-KDCycleBannerViewDemo/Pods-KDCycleBannerViewDemo.release.xcconfig"; sourceTree = "<group>"; };
/* End PBXFileReference section */

/* Begin PBXFrameworksBuildPhase section */
		62EFD89D18F7DA09001A1D42 /* Frameworks */ = {
			isa = PBXFrameworksBuildPhase;
			buildActionMask = 2147483647;
			files = (
				62EFD8A618F7DA0A001A1D42 /* CoreGraphics.framework in Frameworks */,
				62EFD8A818F7DA0A001A1D42 /* UIKit.framework in Frameworks */,
				62EFD8A418F7DA0A001A1D42 /* Foundation.framework in Frameworks */,
				E080828774B76E355B8E8321 /* libPods-KDCycleBannerViewDemo.a in Frameworks */,
			);
			runOnlyForDeploymentPostprocessing = 0;
		};
		62EFD8C118F7DA0A001A1D42 /* Frameworks */ = {
			isa = PBXFrameworksBuildPhase;
			buildActionMask = 2147483647;
			files = (
				62EFD8C618F7DA0A001A1D42 /* XCTest.framework in Frameworks */,
				62EFD8C818F7DA0A001A1D42 /* UIKit.framework in Frameworks */,
				62EFD8C718F7DA0A001A1D42 /* Foundation.framework in Frameworks */,
			);
			runOnlyForDeploymentPostprocessing = 0;
		};
/* End PBXFrameworksBuildPhase section */

/* Begin PBXGroup section */
		62EFD89718F7DA09001A1D42 = {
			isa = PBXGroup;
			children = (
				62EFD8A918F7DA0A001A1D42 /* KDCycleBannerViewDemo */,
				62EFD8CB18F7DA0A001A1D42 /* KDCycleBannerViewDemoTests */,
				62EFD8A218F7DA0A001A1D42 /* Frameworks */,
				62EFD8A118F7DA0A001A1D42 /* Products */,
				BD05611508C09B5FEF4084AF /* Pods */,
			);
			sourceTree = "<group>";
		};
		62EFD8A118F7DA0A001A1D42 /* Products */ = {
			isa = PBXGroup;
			children = (
				62EFD8A018F7DA0A001A1D42 /* KDCycleBannerViewDemo.app */,
				62EFD8C418F7DA0A001A1D42 /* KDCycleBannerViewDemoTests.xctest */,
			);
			name = Products;
			sourceTree = "<group>";
		};
		62EFD8A218F7DA0A001A1D42 /* Frameworks */ = {
			isa = PBXGroup;
			children = (
				62EFD8A318F7DA0A001A1D42 /* Foundation.framework */,
				62EFD8A518F7DA0A001A1D42 /* CoreGraphics.framework */,
				62EFD8A718F7DA0A001A1D42 /* UIKit.framework */,
				62EFD8C518F7DA0A001A1D42 /* XCTest.framework */,
				21D57443FB20F27CC348AF33 /* libPods-KDCycleBannerViewDemo.a */,
			);
			name = Frameworks;
			sourceTree = "<group>";
		};
		62EFD8A918F7DA0A001A1D42 /* KDCycleBannerViewDemo */ = {
			isa = PBXGroup;
			children = (
				62EFD8DB18F7DA38001A1D42 /* KDCycleBannerView */,
				62EFD8B218F7DA0A001A1D42 /* AppDelegate.h */,
				62EFD8B318F7DA0A001A1D42 /* AppDelegate.m */,
				62EFD8B518F7DA0A001A1D42 /* Main_iPhone.storyboard */,
				62EFD8B818F7DA0A001A1D42 /* Main_iPad.storyboard */,
				62EFD8BB18F7DA0A001A1D42 /* ViewController.h */,
				62EFD8BC18F7DA0A001A1D42 /* ViewController.m */,
				62FEACB718F909DD00868C45 /* image1.png */,
				62EFD8BE18F7DA0A001A1D42 /* Images.xcassets */,
				62EFD8AA18F7DA0A001A1D42 /* Supporting Files */,
			);
			path = KDCycleBannerViewDemo;
			sourceTree = "<group>";
		};
		62EFD8AA18F7DA0A001A1D42 /* Supporting Files */ = {
			isa = PBXGroup;
			children = (
				62EFD8AB18F7DA0A001A1D42 /* KDCycleBannerViewDemo-Info.plist */,
				62EFD8AC18F7DA0A001A1D42 /* InfoPlist.strings */,
				62EFD8AF18F7DA0A001A1D42 /* main.m */,
				62EFD8B118F7DA0A001A1D42 /* KDCycleBannerViewDemo-Prefix.pch */,
			);
			name = "Supporting Files";
			sourceTree = "<group>";
		};
		62EFD8CB18F7DA0A001A1D42 /* KDCycleBannerViewDemoTests */ = {
			isa = PBXGroup;
			children = (
				62EFD8D118F7DA0A001A1D42 /* KDCycleBannerViewDemoTests.m */,
				62EFD8CC18F7DA0A001A1D42 /* Supporting Files */,
			);
			path = KDCycleBannerViewDemoTests;
			sourceTree = "<group>";
		};
		62EFD8CC18F7DA0A001A1D42 /* Supporting Files */ = {
			isa = PBXGroup;
			children = (
				62EFD8CD18F7DA0A001A1D42 /* KDCycleBannerViewDemoTests-Info.plist */,
				62EFD8CE18F7DA0A001A1D42 /* InfoPlist.strings */,
			);
			name = "Supporting Files";
			sourceTree = "<group>";
		};
		62EFD8DB18F7DA38001A1D42 /* KDCycleBannerView */ = {
			isa = PBXGroup;
			children = (
				62EFD8DC18F7DA57001A1D42 /* KDCycleBannerView.h */,
				62EFD8DD18F7DA57001A1D42 /* KDCycleBannerView.m */,
			);
			name = KDCycleBannerView;
			path = ../../KDCycleBannerView;
			sourceTree = "<group>";
		};
		BD05611508C09B5FEF4084AF /* Pods */ = {
			isa = PBXGroup;
			children = (
				337C66FFB920EB36131A704F /* Pods-KDCycleBannerViewDemo.debug.xcconfig */,
				91B5657AFA0BF7D6B0CF5DFF /* Pods-KDCycleBannerViewDemo.release.xcconfig */,
			);
			name = Pods;
			sourceTree = "<group>";
		};
/* End PBXGroup section */

/* Begin PBXNativeTarget section */
		62EFD89F18F7DA09001A1D42 /* KDCycleBannerViewDemo */ = {
			isa = PBXNativeTarget;
			buildConfigurationList = 62EFD8D518F7DA0A001A1D42 /* Build configuration list for PBXNativeTarget "KDCycleBannerViewDemo" */;
			buildPhases = (
				01C22BA7DA3DC96E9BF22CA5 /* [CP] Check Pods Manifest.lock */,
				62EFD89C18F7DA09001A1D42 /* Sources */,
				62EFD89D18F7DA09001A1D42 /* Frameworks */,
				62EFD89E18F7DA09001A1D42 /* Resources */,
				DE4EB9B065BEE14B30AFD96D /* [CP] Embed Pods Frameworks */,
				0A2BC26EC37006375825D677 /* [CP] Copy Pods Resources */,
			);
			buildRules = (
			);
			dependencies = (
			);
			name = KDCycleBannerViewDemo;
			productName = KDCycleBannerViewDemo;
			productReference = 62EFD8A018F7DA0A001A1D42 /* KDCycleBannerViewDemo.app */;
			productType = "com.apple.product-type.application";
		};
		62EFD8C318F7DA0A001A1D42 /* KDCycleBannerViewDemoTests */ = {
			isa = PBXNativeTarget;
			buildConfigurationList = 62EFD8D818F7DA0A001A1D42 /* Build configuration list for PBXNativeTarget "KDCycleBannerViewDemoTests" */;
			buildPhases = (
				62EFD8C018F7DA0A001A1D42 /* Sources */,
				62EFD8C118F7DA0A001A1D42 /* Frameworks */,
				62EFD8C218F7DA0A001A1D42 /* Resources */,
			);
			buildRules = (
			);
			dependencies = (
				62EFD8CA18F7DA0A001A1D42 /* PBXTargetDependency */,
			);
			name = KDCycleBannerViewDemoTests;
			productName = KDCycleBannerViewDemoTests;
			productReference = 62EFD8C418F7DA0A001A1D42 /* KDCycleBannerViewDemoTests.xctest */;
			productType = "com.apple.product-type.bundle.unit-test";
		};
/* End PBXNativeTarget section */

/* Begin PBXProject section */
		62EFD89818F7DA09001A1D42 /* Project object */ = {
			isa = PBXProject;
			attributes = {
				LastUpgradeCheck = 0510;
				ORGANIZATIONNAME = Kingiol;
				TargetAttributes = {
					62EFD8C318F7DA0A001A1D42 = {
						TestTargetID = 62EFD89F18F7DA09001A1D42;
					};
				};
			};
			buildConfigurationList = 62EFD89B18F7DA09001A1D42 /* Build configuration list for PBXProject "KDCycleBannerViewDemo" */;
			compatibilityVersion = "Xcode 3.2";
			developmentRegion = English;
			hasScannedForEncodings = 0;
			knownRegions = (
				en,
				Base,
			);
			mainGroup = 62EFD89718F7DA09001A1D42;
			productRefGroup = 62EFD8A118F7DA0A001A1D42 /* Products */;
			projectDirPath = "";
			projectRoot = "";
			targets = (
				62EFD89F18F7DA09001A1D42 /* KDCycleBannerViewDemo */,
				62EFD8C318F7DA0A001A1D42 /* KDCycleBannerViewDemoTests */,
			);
		};
/* End PBXProject section */

/* Begin PBXResourcesBuildPhase section */
		62EFD89E18F7DA09001A1D42 /* Resources */ = {
			isa = PBXResourcesBuildPhase;
			buildActionMask = 2147483647;
			files = (
				62EFD8BA18F7DA0A001A1D42 /* Main_iPad.storyboard in Resources */,
				62FEACB818F909DD00868C45 /* image1.png in Resources */,
				62EFD8BF18F7DA0A001A1D42 /* Images.xcassets in Resources */,
				62EFD8B718F7DA0A001A1D42 /* Main_iPhone.storyboard in Resources */,
				62EFD8AE18F7DA0A001A1D42 /* InfoPlist.strings in Resources */,
			);
			runOnlyForDeploymentPostprocessing = 0;
		};
		62EFD8C218F7DA0A001A1D42 /* Resources */ = {
			isa = PBXResourcesBuildPhase;
			buildActionMask = 2147483647;
			files = (
				62EFD8D018F7DA0A001A1D42 /* InfoPlist.strings in Resources */,
			);
			runOnlyForDeploymentPostprocessing = 0;
		};
/* End PBXResourcesBuildPhase section */

/* Begin PBXShellScriptBuildPhase section */
		01C22BA7DA3DC96E9BF22CA5 /* [CP] Check Pods Manifest.lock */ = {
			isa = PBXShellScriptBuildPhase;
			buildActionMask = 2147483647;
			files = (
			);
			inputPaths = (
			);
			name = "[CP] Check Pods Manifest.lock";
			outputPaths = (
			);
			runOnlyForDeploymentPostprocessing = 0;
			shellPath = /bin/sh;
			shellScript = "diff \"${PODS_ROOT}/../Podfile.lock\" \"${PODS_ROOT}/Manifest.lock\" > /dev/null\nif [ $? != 0 ] ; then\n    # print error to STDERR\n    echo \"error: The sandbox is not in sync with the Podfile.lock. Run 'pod install' or update your CocoaPods installation.\" >&2\n    exit 1\nfi\n";
			showEnvVarsInLog = 0;
		};
		0A2BC26EC37006375825D677 /* [CP] Copy Pods Resources */ = {
			isa = PBXShellScriptBuildPhase;
			buildActionMask = 2147483647;
			files = (
			);
			inputPaths = (
			);
			name = "[CP] Copy Pods Resources";
			outputPaths = (
			);
			runOnlyForDeploymentPostprocessing = 0;
			shellPath = /bin/sh;
			shellScript = "\"${SRCROOT}/Pods/Target Support Files/Pods-KDCycleBannerViewDemo/Pods-KDCycleBannerViewDemo-resources.sh\"\n";
			showEnvVarsInLog = 0;
		};
		DE4EB9B065BEE14B30AFD96D /* [CP] Embed Pods Frameworks */ = {
			isa = PBXShellScriptBuildPhase;
			buildActionMask = 2147483647;
			files = (
			);
			inputPaths = (
			);
			name = "[CP] Embed Pods Frameworks";
			outputPaths = (
			);
			runOnlyForDeploymentPostprocessing = 0;
			shellPath = /bin/sh;
			shellScript = "\"${SRCROOT}/Pods/Target Support Files/Pods-KDCycleBannerViewDemo/Pods-KDCycleBannerViewDemo-frameworks.sh\"\n";
			showEnvVarsInLog = 0;
		};
/* End PBXShellScriptBuildPhase section */

/* Begin PBXSourcesBuildPhase section */
		62EFD89C18F7DA09001A1D42 /* Sources */ = {
			isa = PBXSourcesBuildPhase;
			buildActionMask = 2147483647;
			files = (
				62EFD8BD18F7DA0A001A1D42 /* ViewController.m in Sources */,
				62EFD8B418F7DA0A001A1D42 /* AppDelegate.m in Sources */,
				62EFD8DE18F7DA57001A1D42 /* KDCycleBannerView.m in Sources */,
				62EFD8B018F7DA0A001A1D42 /* main.m in Sources */,
			);
			runOnlyForDeploymentPostprocessing = 0;
		};
		62EFD8C018F7DA0A001A1D42 /* Sources */ = {
			isa = PBXSourcesBuildPhase;
			buildActionMask = 2147483647;
			files = (
				62EFD8D218F7DA0A001A1D42 /* KDCycleBannerViewDemoTests.m in Sources */,
			);
			runOnlyForDeploymentPostprocessing = 0;
		};
/* End PBXSourcesBuildPhase section */

/* Begin PBXTargetDependency section */
		62EFD8CA18F7DA0A001A1D42 /* PBXTargetDependency */ = {
			isa = PBXTargetDependency;
			target = 62EFD89F18F7DA09001A1D42 /* KDCycleBannerViewDemo */;
			targetProxy = 62EFD8C918F7DA0A001A1D42 /* PBXContainerItemProxy */;
		};
/* End PBXTargetDependency section */

/* Begin PBXVariantGroup section */
		62EFD8AC18F7DA0A001A1D42 /* InfoPlist.strings */ = {
			isa = PBXVariantGroup;
			children = (
				62EFD8AD18F7DA0A001A1D42 /* en */,
			);
			name = InfoPlist.strings;
			sourceTree = "<group>";
		};
		62EFD8B518F7DA0A001A1D42 /* Main_iPhone.storyboard */ = {
			isa = PBXVariantGroup;
			children = (
				62EFD8B618F7DA0A001A1D42 /* Base */,
			);
			name = Main_iPhone.storyboard;
			sourceTree = "<group>";
		};
		62EFD8B818F7DA0A001A1D42 /* Main_iPad.storyboard */ = {
			isa = PBXVariantGroup;
			children = (
				62EFD8B918F7DA0A001A1D42 /* Base */,
			);
			name = Main_iPad.storyboard;
			sourceTree = "<group>";
		};
		62EFD8CE18F7DA0A001A1D42 /* InfoPlist.strings */ = {
			isa = PBXVariantGroup;
			children = (
				62EFD8CF18F7DA0A001A1D42 /* en */,
			);
			name = InfoPlist.strings;
			sourceTree = "<group>";
		};
/* End PBXVariantGroup section */

/* Begin XCBuildConfiguration section */
		62EFD8D318F7DA0A001A1D42 /* Debug */ = {
			isa = XCBuildConfiguration;
			buildSettings = {
				ALWAYS_SEARCH_USER_PATHS = NO;
				CLANG_CXX_LANGUAGE_STANDARD = "gnu++0x";
				CLANG_CXX_LIBRARY = "libc++";
				CLANG_ENABLE_MODULES = YES;
				CLANG_ENABLE_OBJC_ARC = YES;
				CLANG_WARN_BOOL_CONVERSION = YES;
				CLANG_WARN_CONSTANT_CONVERSION = YES;
				CLANG_WARN_DIRECT_OBJC_ISA_USAGE = YES_ERROR;
				CLANG_WARN_EMPTY_BODY = YES;
				CLANG_WARN_ENUM_CONVERSION = YES;
				CLANG_WARN_INT_CONVERSION = YES;
				CLANG_WARN_OBJC_ROOT_CLASS = YES_ERROR;
				CLANG_WARN__DUPLICATE_METHOD_MATCH = YES;
				"CODE_SIGN_IDENTITY[sdk=iphoneos*]" = "iPhone Developer";
				COPY_PHASE_STRIP = NO;
				GCC_C_LANGUAGE_STANDARD = gnu99;
				GCC_DYNAMIC_NO_PIC = NO;
				GCC_OPTIMIZATION_LEVEL = 0;
				GCC_PREPROCESSOR_DEFINITIONS = (
					"DEBUG=1",
					"$(inherited)",
				);
				GCC_SYMBOLS_PRIVATE_EXTERN = NO;
				GCC_WARN_64_TO_32_BIT_CONVERSION = YES;
				GCC_WARN_ABOUT_RETURN_TYPE = YES_ERROR;
				GCC_WARN_UNDECLARED_SELECTOR = YES;
				GCC_WARN_UNINITIALIZED_AUTOS = YES_AGGRESSIVE;
				GCC_WARN_UNUSED_FUNCTION = YES;
				GCC_WARN_UNUSED_VARIABLE = YES;
				IPHONEOS_DEPLOYMENT_TARGET = 7.1;
				ONLY_ACTIVE_ARCH = YES;
				SDKROOT = iphoneos;
				TARGETED_DEVICE_FAMILY = "1,2";
			};
			name = Debug;
		};
		62EFD8D418F7DA0A001A1D42 /* Release */ = {
			isa = XCBuildConfiguration;
			buildSettings = {
				ALWAYS_SEARCH_USER_PATHS = NO;
				CLANG_CXX_LANGUAGE_STANDARD = "gnu++0x";
				CLANG_CXX_LIBRARY = "libc++";
				CLANG_ENABLE_MODULES = YES;
				CLANG_ENABLE_OBJC_ARC = YES;
				CLANG_WARN_BOOL_CONVERSION = YES;
				CLANG_WARN_CONSTANT_CONVERSION = YES;
				CLANG_WARN_DIRECT_OBJC_ISA_USAGE = YES_ERROR;
				CLANG_WARN_EMPTY_BODY = YES;
				CLANG_WARN_ENUM_CONVERSION = YES;
				CLANG_WARN_INT_CONVERSION = YES;
				CLANG_WARN_OBJC_ROOT_CLASS = YES_ERROR;
				CLANG_WARN__DUPLICATE_METHOD_MATCH = YES;
				"CODE_SIGN_IDENTITY[sdk=iphoneos*]" = "iPhone Developer";
				COPY_PHASE_STRIP = YES;
				ENABLE_NS_ASSERTIONS = NO;
				GCC_C_LANGUAGE_STANDARD = gnu99;
				GCC_WARN_64_TO_32_BIT_CONVERSION = YES;
				GCC_WARN_ABOUT_RETURN_TYPE = YES_ERROR;
				GCC_WARN_UNDECLARED_SELECTOR = YES;
				GCC_WARN_UNINITIALIZED_AUTOS = YES_AGGRESSIVE;
				GCC_WARN_UNUSED_FUNCTION = YES;
				GCC_WARN_UNUSED_VARIABLE = YES;
				IPHONEOS_DEPLOYMENT_TARGET = 7.1;
				SDKROOT = iphoneos;
				TARGETED_DEVICE_FAMILY = "1,2";
				VALIDATE_PRODUCT = YES;
			};
			name = Release;
		};
		62EFD8D618F7DA0A001A1D42 /* Debug */ = {
			isa = XCBuildConfiguration;
			baseConfigurationReference = 337C66FFB920EB36131A704F /* Pods-KDCycleBannerViewDemo.debug.xcconfig */;
			buildSettings = {
				ASSETCATALOG_COMPILER_APPICON_NAME = AppIcon;
				ASSETCATALOG_COMPILER_LAUNCHIMAGE_NAME = LaunchImage;
				GCC_PRECOMPILE_PREFIX_HEADER = YES;
				GCC_PREFIX_HEADER = "KDCycleBannerViewDemo/KDCycleBannerViewDemo-Prefix.pch";
				INFOPLIST_FILE = "KDCycleBannerViewDemo/KDCycleBannerViewDemo-Info.plist";
				PRODUCT_NAME = "$(TARGET_NAME)";
				WRAPPER_EXTENSION = app;
			};
			name = Debug;
		};
		62EFD8D718F7DA0A001A1D42 /* Release */ = {
			isa = XCBuildConfiguration;
			baseConfigurationReference = 91B5657AFA0BF7D6B0CF5DFF /* Pods-KDCycleBannerViewDemo.release.xcconfig */;
			buildSettings = {
				ASSETCATALOG_COMPILER_APPICON_NAME = AppIcon;
				ASSETCATALOG_COMPILER_LAUNCHIMAGE_NAME = LaunchImage;
				GCC_PRECOMPILE_PREFIX_HEADER = YES;
				GCC_PREFIX_HEADER = "KDCycleBannerViewDemo/KDCycleBannerViewDemo-Prefix.pch";
				INFOPLIST_FILE = "KDCycleBannerViewDemo/KDCycleBannerViewDemo-Info.plist";
				PRODUCT_NAME = "$(TARGET_NAME)";
				WRAPPER_EXTENSION = app;
			};
			name = Release;
		};
		62EFD8D918F7DA0A001A1D42 /* Debug */ = {
			isa = XCBuildConfiguration;
			buildSettings = {
				BUNDLE_LOADER = "$(BUILT_PRODUCTS_DIR)/KDCycleBannerViewDemo.app/KDCycleBannerViewDemo";
				FRAMEWORK_SEARCH_PATHS = (
					"$(SDKROOT)/Developer/Library/Frameworks",
					"$(inherited)",
					"$(DEVELOPER_FRAMEWORKS_DIR)",
				);
				GCC_PRECOMPILE_PREFIX_HEADER = YES;
				GCC_PREFIX_HEADER = "KDCycleBannerViewDemo/KDCycleBannerViewDemo-Prefix.pch";
				GCC_PREPROCESSOR_DEFINITIONS = (
					"DEBUG=1",
					"$(inherited)",
				);
				INFOPLIST_FILE = "KDCycleBannerViewDemoTests/KDCycleBannerViewDemoTests-Info.plist";
				PRODUCT_NAME = "$(TARGET_NAME)";
				TEST_HOST = "$(BUNDLE_LOADER)";
				WRAPPER_EXTENSION = xctest;
			};
			name = Debug;
		};
		62EFD8DA18F7DA0A001A1D42 /* Release */ = {
			isa = XCBuildConfiguration;
			buildSettings = {
				BUNDLE_LOADER = "$(BUILT_PRODUCTS_DIR)/KDCycleBannerViewDemo.app/KDCycleBannerViewDemo";
				FRAMEWORK_SEARCH_PATHS = (
					"$(SDKROOT)/Developer/Library/Frameworks",
					"$(inherited)",
					"$(DEVELOPER_FRAMEWORKS_DIR)",
				);
				GCC_PRECOMPILE_PREFIX_HEADER = YES;
				GCC_PREFIX_HEADER = "KDCycleBannerViewDemo/KDCycleBannerViewDemo-Prefix.pch";
				INFOPLIST_FILE = "KDCycleBannerViewDemoTests/KDCycleBannerViewDemoTests-Info.plist";
				PRODUCT_NAME = "$(TARGET_NAME)";
				TEST_HOST = "$(BUNDLE_LOADER)";
				WRAPPER_EXTENSION = xctest;
			};
			name = Release;
		};
/* End XCBuildConfiguration section */

/* Begin XCConfigurationList section */
		62EFD89B18F7DA09001A1D42 /* Build configuration list for PBXProject "KDCycleBannerViewDemo" */ = {
			isa = XCConfigurationList;
			buildConfigurations = (
				62EFD8D318F7DA0A001A1D42 /* Debug */,
				62EFD8D418F7DA0A001A1D42 /* Release */,
			);
			defaultConfigurationIsVisible = 0;
			defaultConfigurationName = Release;
		};
		62EFD8D518F7DA0A001A1D42 /* Build configuration list for PBXNativeTarget "KDCycleBannerViewDemo" */ = {
			isa = XCConfigurationList;
			buildConfigurations = (
				62EFD8D618F7DA0A001A1D42 /* Debug */,
				62EFD8D718F7DA0A001A1D42 /* Release */,
			);
			defaultConfigurationIsVisible = 0;
			defaultConfigurationName = Release;
		};
		62EFD8D818F7DA0A001A1D42 /* Build configuration list for PBXNativeTarget "KDCycleBannerViewDemoTests" */ = {
			isa = XCConfigurationList;
			buildConfigurations = (
				62EFD8D918F7DA0A001A1D42 /* Debug */,
				62EFD8DA18F7DA0A001A1D42 /* Release */,
			);
			defaultConfigurationIsVisible = 0;
			defaultConfigurationName = Release;
		};
/* End XCConfigurationList section */
	};
	rootObject = 62EFD89818F7DA09001A1D42 /* Project object */;
}
